
Microsoft Visual Studio Solution File, Format Version 12.00
# Visual Studio Version 17
VisualStudioVersion = 17.3.32811.315
MinimumVisualStudioVersion = 10.0.40219.1
Project("{FAE04EC0-301F-11D3-BF4B-00C04F79EFBC}") = "ImprovedLoadingScreens", "ImprovedLoadingScreens.csproj", "{D59A7683-6668-4D1A-92A0-E11D9EE9EF10}"
EndProject
Global
	GlobalSection(SolutionConfigurationPlatforms) = preSolution
		Debug|Any CPU = Debug|Any CPU
		Release|Any CPU = Release|Any CPU
	EndGlobalSection
	GlobalSection(ProjectConfigurationPlatforms) = postSolution
		{D59A7683-6668-4D1A-92A0-E11D9EE9EF10}.Debug|Any CPU.ActiveCfg = Debug|Any CPU
		{D59A7683-6668-4D1A-92A0-E11D9EE9EF10}.Debug|Any CPU.Build.0 = Debug|Any CPU
		{D59A7683-6668-4D1A-92A0-E11D9EE9EF10}.Release|Any CPU.ActiveCfg = Release|Any CPU
		{D59A7683-6668-4D1A-92A0-E11D9EE9EF10}.Release|Any CPU.Build.0 = Release|Any CPU
	EndGlobalSection
	GlobalSection(SolutionProperties) = preSolution
		HideSolutionNode = FALSE
	EndGlobalSection
	GlobalSection(ExtensibilityGlobals) = postSolution
		SolutionGuid = {A939314D-7736-4CC7-9277-7C45BF33BBC2}
	EndGlobalSection
EndGlobal
